
Microsoft Visual Studio Solution File, Format Version 12.00
# Visual Studio Version 16
VisualStudioVersion = 16.0.30503.244
MinimumVisualStudioVersion = 10.0.40219.1
Project("{FAE04EC0-301F-11D3-BF4B-00C04F79EFBC}") = "diplom.api", "diplom.api\diplom.api.csproj", "{834FFF02-F9DE-46EC-ACC9-1F4DCA8CAB9E}"
EndProject
Global
	GlobalSection(SolutionConfigurationPlatforms) = preSolution
		Debug|Any CPU = Debug|Any CPU
		Release|Any CPU = Release|Any CPU
	EndGlobalSection
	GlobalSection(ProjectConfigurationPlatforms) = postSolution
		{834FFF02-F9DE-46EC-ACC9-1F4DCA8CAB9E}.Debug|Any CPU.ActiveCfg = Debug|Any CPU
		{834FFF02-F9DE-46EC-ACC9-1F4DCA8CAB9E}.Debug|Any CPU.Build.0 = Debug|Any CPU
		{834FFF02-F9DE-46EC-ACC9-1F4DCA8CAB9E}.Release|Any CPU.ActiveCfg = Release|Any CPU
		{834FFF02-F9DE-46EC-ACC9-1F4DCA8CAB9E}.Release|Any CPU.Build.0 = Release|Any CPU
	EndGlobalSection
	GlobalSection(SolutionProperties) = preSolution
		HideSolutionNode = FALSE
	EndGlobalSection
	GlobalSection(ExtensibilityGlobals) = postSolution
		SolutionGuid = {9C5A9C1E-1728-43A9-8A2E-93DC7CFC73E4}
	EndGlobalSection
EndGlobal
